
Microsoft Visual Studio Solution File, Format Version 12.00
# Visual Studio Version 17
VisualStudioVersion = 17.8.34525.116
MinimumVisualStudioVersion = 10.0.40219.1
Project("{9A19103F-16F7-4668-BE54-9A1E7A4F7556}") = "AccountServices", "AccountServices\AccountServices.csproj", "{B94DA704-90A8-43D9-BF39-8678940BFBF8}"
EndProject
Project("{FAE04EC0-301F-11D3-BF4B-00C04F79EFBC}") = "FamnancesServices", "FamnancesServices\FamnancesServices.csproj", "{9627F7EB-9DD3-4BC4-84E8-14B353F0AF02}"
EndProject
Global
	GlobalSection(SolutionConfigurationPlatforms) = preSolution
		Debug|Any CPU = Debug|Any CPU
		Release|Any CPU = Release|Any CPU
	EndGlobalSection
	GlobalSection(ProjectConfigurationPlatforms) = postSolution
		{B94DA704-90A8-43D9-BF39-8678940BFBF8}.Debug|Any CPU.ActiveCfg = Debug|Any CPU
		{B94DA704-90A8-43D9-BF39-8678940BFBF8}.Debug|Any CPU.Build.0 = Debug|Any CPU
		{B94DA704-90A8-43D9-BF39-8678940BFBF8}.Release|Any CPU.ActiveCfg = Release|Any CPU
		{B94DA704-90A8-43D9-BF39-8678940BFBF8}.Release|Any CPU.Build.0 = Release|Any CPU
		{9627F7EB-9DD3-4BC4-84E8-14B353F0AF02}.Debug|Any CPU.ActiveCfg = Debug|Any CPU
		{9627F7EB-9DD3-4BC4-84E8-14B353F0AF02}.Debug|Any CPU.Build.0 = Debug|Any CPU
		{9627F7EB-9DD3-4BC4-84E8-14B353F0AF02}.Release|Any CPU.ActiveCfg = Release|Any CPU
		{9627F7EB-9DD3-4BC4-84E8-14B353F0AF02}.Release|Any CPU.Build.0 = Release|Any CPU
	EndGlobalSection
	GlobalSection(SolutionProperties) = preSolution
		HideSolutionNode = FALSE
	EndGlobalSection
	GlobalSection(ExtensibilityGlobals) = postSolution
		SolutionGuid = {469E528D-89EC-46BF-89BA-1CEDA7CE16DA}
	EndGlobalSection
EndGlobal
